
Microsoft Visual Studio Solution File, Format Version 12.00
# Visual Studio 15
VisualStudioVersion = 15.0.27130.2036
MinimumVisualStudioVersion = 10.0.40219.1
Project("{8BC9CEB8-8B4A-11D0-8D11-00A0C91BC942}") = "_CBL", "CBL\CBL.vcxproj", "{47DE671E-63C8-4D0B-AF38-4D680D4D54EF}"
EndProject
Project("{8BC9CEB8-8B4A-11D0-8D11-00A0C91BC942}") = "applyConvolution", "ApplyConvolution\ApplyConvolution.vcxproj", "{5A7DE24A-2C71-4905-A9A9-9989C289F57C}"
	ProjectSection(ProjectDependencies) = postProject
		{47DE671E-63C8-4D0B-AF38-4D680D4D54EF} = {47DE671E-63C8-4D0B-AF38-4D680D4D54EF}
	EndProjectSection
EndProject
Project("{8BC9CEB8-8B4A-11D0-8D11-00A0C91BC942}") = "axisQualityMetric", "axisQualityMetric\axisQualityMetric.vcxproj", "{90E97570-F693-4219-AA00-3DACE69B9A11}"
	ProjectSection(ProjectDependencies) = postProject
		{47DE671E-63C8-4D0B-AF38-4D680D4D54EF} = {47DE671E-63C8-4D0B-AF38-4D680D4D54EF}
	EndProjectSection
EndProject
Project("{8BC9CEB8-8B4A-11D0-8D11-00A0C91BC942}") = "cropMRCFromPDB", "cropMRCFromPDB\cropMRCFromPDB.vcxproj", "{F66FB0AB-958A-4BBE-B59E-A5C058DC720A}"
	ProjectSection(ProjectDependencies) = postProject
		{47DE671E-63C8-4D0B-AF38-4D680D4D54EF} = {47DE671E-63C8-4D0B-AF38-4D680D4D54EF}
	EndProjectSection
EndProject
Project("{8BC9CEB8-8B4A-11D0-8D11-00A0C91BC942}") = "dataMetric", "dataMetric\dataMetric.vcxproj", "{702D65A9-04CA-4D4D-ADAE-BC108F7937A9}"
	ProjectSection(ProjectDependencies) = postProject
		{47DE671E-63C8-4D0B-AF38-4D680D4D54EF} = {47DE671E-63C8-4D0B-AF38-4D680D4D54EF}
	EndProjectSection
EndProject
Project("{8BC9CEB8-8B4A-11D0-8D11-00A0C91BC942}") = "iterativeFit", "iterativeFit\iterativeFit.vcxproj", "{0E003406-D08D-47A0-A6D8-37649313C1ED}"
	ProjectSection(ProjectDependencies) = postProject
		{47DE671E-63C8-4D0B-AF38-4D680D4D54EF} = {47DE671E-63C8-4D0B-AF38-4D680D4D54EF}
	EndProjectSection
EndProject
Project("{8BC9CEB8-8B4A-11D0-8D11-00A0C91BC942}") = "kmeansCluster", "kmeansCluster\kmeansCluster.vcxproj", "{0725727E-57BB-42B3-A439-9E80E7E9B8D3}"
	ProjectSection(ProjectDependencies) = postProject
		{47DE671E-63C8-4D0B-AF38-4D680D4D54EF} = {47DE671E-63C8-4D0B-AF38-4D680D4D54EF}
	EndProjectSection
EndProject
Project("{8BC9CEB8-8B4A-11D0-8D11-00A0C91BC942}") = "mergePDBSet", "mergePDBSet\mergePDBSet.vcxproj", "{03368E16-836A-4FE6-8C00-0E2444A5CE2E}"
	ProjectSection(ProjectDependencies) = postProject
		{47DE671E-63C8-4D0B-AF38-4D680D4D54EF} = {47DE671E-63C8-4D0B-AF38-4D680D4D54EF}
	EndProjectSection
EndProject
Project("{8BC9CEB8-8B4A-11D0-8D11-00A0C91BC942}") = "off2mrc", "off2mrc\off2mrc.vcxproj", "{1B8CD312-20E4-4025-9DA5-058B089F22E5}"
	ProjectSection(ProjectDependencies) = postProject
		{47DE671E-63C8-4D0B-AF38-4D680D4D54EF} = {47DE671E-63C8-4D0B-AF38-4D680D4D54EF}
	EndProjectSection
EndProject
Project("{8BC9CEB8-8B4A-11D0-8D11-00A0C91BC942}") = "runProgOnPair", "runProgOnPair\runProgOnPair.vcxproj", "{62A07481-ACA6-43A3-B8E6-C0EFC21D80EC}"
	ProjectSection(ProjectDependencies) = postProject
		{47DE671E-63C8-4D0B-AF38-4D680D4D54EF} = {47DE671E-63C8-4D0B-AF38-4D680D4D54EF}
	EndProjectSection
EndProject
Project("{2150E333-8FDC-42A3-9474-1A3956D46DE8}") = "Utility", "Utility", "{9192DA7E-DE40-4BFB-8A57-6D03D7DBD748}"
EndProject
Project("{8BC9CEB8-8B4A-11D0-8D11-00A0C91BC942}") = "halfPoints", "halfPoints\halfPoints.vcxproj", "{9285262E-BAF7-40BC-BAD5-98FED3C27FBA}"
EndProject
Project("{8BC9CEB8-8B4A-11D0-8D11-00A0C91BC942}") = "twistIsolation", "twistIsolation\twistIsolation.vcxproj", "{53C5B316-7B73-4840-B309-DD0F46C0056D}"
EndProject
Global
	GlobalSection(SolutionConfigurationPlatforms) = preSolution
		Debug|x64 = Debug|x64
		Debug|x86 = Debug|x86
		Release|x64 = Release|x64
		Release|x86 = Release|x86
	EndGlobalSection
	GlobalSection(ProjectConfigurationPlatforms) = postSolution
		{47DE671E-63C8-4D0B-AF38-4D680D4D54EF}.Debug|x64.ActiveCfg = Debug|Win32
		{47DE671E-63C8-4D0B-AF38-4D680D4D54EF}.Debug|x86.ActiveCfg = Debug|Win32
		{47DE671E-63C8-4D0B-AF38-4D680D4D54EF}.Debug|x86.Build.0 = Debug|Win32
		{47DE671E-63C8-4D0B-AF38-4D680D4D54EF}.Release|x64.ActiveCfg = Release|Win32
		{47DE671E-63C8-4D0B-AF38-4D680D4D54EF}.Release|x86.ActiveCfg = Release|Win32
		{47DE671E-63C8-4D0B-AF38-4D680D4D54EF}.Release|x86.Build.0 = Release|Win32
		{5A7DE24A-2C71-4905-A9A9-9989C289F57C}.Debug|x64.ActiveCfg = Debug|x64
		{5A7DE24A-2C71-4905-A9A9-9989C289F57C}.Debug|x64.Build.0 = Debug|x64
		{5A7DE24A-2C71-4905-A9A9-9989C289F57C}.Debug|x86.ActiveCfg = Debug|Win32
		{5A7DE24A-2C71-4905-A9A9-9989C289F57C}.Debug|x86.Build.0 = Debug|Win32
		{5A7DE24A-2C71-4905-A9A9-9989C289F57C}.Release|x64.ActiveCfg = Release|x64
		{5A7DE24A-2C71-4905-A9A9-9989C289F57C}.Release|x64.Build.0 = Release|x64
		{5A7DE24A-2C71-4905-A9A9-9989C289F57C}.Release|x86.ActiveCfg = Release|Win32
		{5A7DE24A-2C71-4905-A9A9-9989C289F57C}.Release|x86.Build.0 = Release|Win32
		{90E97570-F693-4219-AA00-3DACE69B9A11}.Debug|x64.ActiveCfg = Debug|x64
		{90E97570-F693-4219-AA00-3DACE69B9A11}.Debug|x64.Build.0 = Debug|x64
		{90E97570-F693-4219-AA00-3DACE69B9A11}.Debug|x86.ActiveCfg = Debug|Win32
		{90E97570-F693-4219-AA00-3DACE69B9A11}.Debug|x86.Build.0 = Debug|Win32
		{90E97570-F693-4219-AA00-3DACE69B9A11}.Release|x64.ActiveCfg = Release|x64
		{90E97570-F693-4219-AA00-3DACE69B9A11}.Release|x64.Build.0 = Release|x64
		{90E97570-F693-4219-AA00-3DACE69B9A11}.Release|x86.ActiveCfg = Release|Win32
		{90E97570-F693-4219-AA00-3DACE69B9A11}.Release|x86.Build.0 = Release|Win32
		{F66FB0AB-958A-4BBE-B59E-A5C058DC720A}.Debug|x64.ActiveCfg = Debug|Win32
		{F66FB0AB-958A-4BBE-B59E-A5C058DC720A}.Debug|x86.ActiveCfg = Debug|Win32
		{F66FB0AB-958A-4BBE-B59E-A5C058DC720A}.Debug|x86.Build.0 = Debug|Win32
		{F66FB0AB-958A-4BBE-B59E-A5C058DC720A}.Release|x64.ActiveCfg = Release|Win32
		{F66FB0AB-958A-4BBE-B59E-A5C058DC720A}.Release|x86.ActiveCfg = Release|Win32
		{F66FB0AB-958A-4BBE-B59E-A5C058DC720A}.Release|x86.Build.0 = Release|Win32
		{702D65A9-04CA-4D4D-ADAE-BC108F7937A9}.Debug|x64.ActiveCfg = Debug|Win32
		{702D65A9-04CA-4D4D-ADAE-BC108F7937A9}.Debug|x86.ActiveCfg = Debug|Win32
		{702D65A9-04CA-4D4D-ADAE-BC108F7937A9}.Debug|x86.Build.0 = Debug|Win32
		{702D65A9-04CA-4D4D-ADAE-BC108F7937A9}.Release|x64.ActiveCfg = Release|Win32
		{702D65A9-04CA-4D4D-ADAE-BC108F7937A9}.Release|x86.ActiveCfg = Release|Win32
		{702D65A9-04CA-4D4D-ADAE-BC108F7937A9}.Release|x86.Build.0 = Release|Win32
		{0E003406-D08D-47A0-A6D8-37649313C1ED}.Debug|x64.ActiveCfg = Debug|x64
		{0E003406-D08D-47A0-A6D8-37649313C1ED}.Debug|x64.Build.0 = Debug|x64
		{0E003406-D08D-47A0-A6D8-37649313C1ED}.Debug|x86.ActiveCfg = Debug|Win32
		{0E003406-D08D-47A0-A6D8-37649313C1ED}.Debug|x86.Build.0 = Debug|Win32
		{0E003406-D08D-47A0-A6D8-37649313C1ED}.Release|x64.ActiveCfg = Release|x64
		{0E003406-D08D-47A0-A6D8-37649313C1ED}.Release|x64.Build.0 = Release|x64
		{0E003406-D08D-47A0-A6D8-37649313C1ED}.Release|x86.ActiveCfg = Release|Win32
		{0E003406-D08D-47A0-A6D8-37649313C1ED}.Release|x86.Build.0 = Release|Win32
		{0725727E-57BB-42B3-A439-9E80E7E9B8D3}.Debug|x64.ActiveCfg = Debug|x64
		{0725727E-57BB-42B3-A439-9E80E7E9B8D3}.Debug|x64.Build.0 = Debug|x64
		{0725727E-57BB-42B3-A439-9E80E7E9B8D3}.Debug|x86.ActiveCfg = Debug|Win32
		{0725727E-57BB-42B3-A439-9E80E7E9B8D3}.Debug|x86.Build.0 = Debug|Win32
		{0725727E-57BB-42B3-A439-9E80E7E9B8D3}.Release|x64.ActiveCfg = Release|x64
		{0725727E-57BB-42B3-A439-9E80E7E9B8D3}.Release|x64.Build.0 = Release|x64
		{0725727E-57BB-42B3-A439-9E80E7E9B8D3}.Release|x86.ActiveCfg = Release|Win32
		{0725727E-57BB-42B3-A439-9E80E7E9B8D3}.Release|x86.Build.0 = Release|Win32
		{03368E16-836A-4FE6-8C00-0E2444A5CE2E}.Debug|x64.ActiveCfg = Debug|Win32
		{03368E16-836A-4FE6-8C00-0E2444A5CE2E}.Debug|x86.ActiveCfg = Debug|Win32
		{03368E16-836A-4FE6-8C00-0E2444A5CE2E}.Debug|x86.Build.0 = Debug|Win32
		{03368E16-836A-4FE6-8C00-0E2444A5CE2E}.Release|x64.ActiveCfg = Release|Win32
		{03368E16-836A-4FE6-8C00-0E2444A5CE2E}.Release|x86.ActiveCfg = Release|Win32
		{03368E16-836A-4FE6-8C00-0E2444A5CE2E}.Release|x86.Build.0 = Release|Win32
		{1B8CD312-20E4-4025-9DA5-058B089F22E5}.Debug|x64.ActiveCfg = Debug|Win32
		{1B8CD312-20E4-4025-9DA5-058B089F22E5}.Debug|x86.ActiveCfg = Debug|Win32
		{1B8CD312-20E4-4025-9DA5-058B089F22E5}.Debug|x86.Build.0 = Debug|Win32
		{1B8CD312-20E4-4025-9DA5-058B089F22E5}.Release|x64.ActiveCfg = Release|Win32
		{1B8CD312-20E4-4025-9DA5-058B089F22E5}.Release|x86.ActiveCfg = Release|Win32
		{1B8CD312-20E4-4025-9DA5-058B089F22E5}.Release|x86.Build.0 = Release|Win32
		{62A07481-ACA6-43A3-B8E6-C0EFC21D80EC}.Debug|x64.ActiveCfg = Debug|x64
		{62A07481-ACA6-43A3-B8E6-C0EFC21D80EC}.Debug|x64.Build.0 = Debug|x64
		{62A07481-ACA6-43A3-B8E6-C0EFC21D80EC}.Debug|x86.ActiveCfg = Debug|Win32
		{62A07481-ACA6-43A3-B8E6-C0EFC21D80EC}.Debug|x86.Build.0 = Debug|Win32
		{62A07481-ACA6-43A3-B8E6-C0EFC21D80EC}.Release|x64.ActiveCfg = Release|x64
		{62A07481-ACA6-43A3-B8E6-C0EFC21D80EC}.Release|x64.Build.0 = Release|x64
		{62A07481-ACA6-43A3-B8E6-C0EFC21D80EC}.Release|x86.ActiveCfg = Release|Win32
		{62A07481-ACA6-43A3-B8E6-C0EFC21D80EC}.Release|x86.Build.0 = Release|Win32
		{9285262E-BAF7-40BC-BAD5-98FED3C27FBA}.Debug|x64.ActiveCfg = Debug|x64
		{9285262E-BAF7-40BC-BAD5-98FED3C27FBA}.Debug|x64.Build.0 = Debug|x64
		{9285262E-BAF7-40BC-BAD5-98FED3C27FBA}.Debug|x86.ActiveCfg = Debug|Win32
		{9285262E-BAF7-40BC-BAD5-98FED3C27FBA}.Debug|x86.Build.0 = Debug|Win32
		{9285262E-BAF7-40BC-BAD5-98FED3C27FBA}.Release|x64.ActiveCfg = Release|x64
		{9285262E-BAF7-40BC-BAD5-98FED3C27FBA}.Release|x64.Build.0 = Release|x64
		{9285262E-BAF7-40BC-BAD5-98FED3C27FBA}.Release|x86.ActiveCfg = Release|Win32
		{9285262E-BAF7-40BC-BAD5-98FED3C27FBA}.Release|x86.Build.0 = Release|Win32
		{53C5B316-7B73-4840-B309-DD0F46C0056D}.Debug|x64.ActiveCfg = Debug|x64
		{53C5B316-7B73-4840-B309-DD0F46C0056D}.Debug|x64.Build.0 = Debug|x64
		{53C5B316-7B73-4840-B309-DD0F46C0056D}.Debug|x86.ActiveCfg = Debug|Win32
		{53C5B316-7B73-4840-B309-DD0F46C0056D}.Debug|x86.Build.0 = Debug|Win32
		{53C5B316-7B73-4840-B309-DD0F46C0056D}.Release|x64.ActiveCfg = Release|x64
		{53C5B316-7B73-4840-B309-DD0F46C0056D}.Release|x64.Build.0 = Release|x64
		{53C5B316-7B73-4840-B309-DD0F46C0056D}.Release|x86.ActiveCfg = Release|Win32
		{53C5B316-7B73-4840-B309-DD0F46C0056D}.Release|x86.Build.0 = Release|Win32
	EndGlobalSection
	GlobalSection(SolutionProperties) = preSolution
		HideSolutionNode = FALSE
	EndGlobalSection
	GlobalSection(NestedProjects) = preSolution
		{62A07481-ACA6-43A3-B8E6-C0EFC21D80EC} = {9192DA7E-DE40-4BFB-8A57-6D03D7DBD748}
	EndGlobalSection
	GlobalSection(ExtensibilityGlobals) = postSolution
		SolutionGuid = {7E152A69-1E98-43B0-9C8A-D71FD4BBBC8C}
	EndGlobalSection
EndGlobal
