
Microsoft Visual Studio Solution File, Format Version 12.00
# Visual Studio 15
VisualStudioVersion = 15.0.27130.2036
MinimumVisualStudioVersion = 10.0.40219.1
Project("{8BC9CEB8-8B4A-11D0-8D11-00A0C91BC942}") = "_CBL", "CBL\CBL.vcxproj", "{47DE671E-63C8-4D0B-AF38-4D680D4D54EF}"
EndProject
Project("{8BC9CEB8-8B4A-11D0-8D11-00A0C91BC942}") = "off2mrc", "off2mrc\off2mrc.vcxproj", "{1B8CD312-20E4-4025-9DA5-058B089F22E5}"
EndProject
Project("{8BC9CEB8-8B4A-11D0-8D11-00A0C91BC942}") = "mergePDBSet", "mergePDBSet\mergePDBSet.vcxproj", "{03368E16-836A-4FE6-8C00-0E2444A5CE2E}"
EndProject
Project("{8BC9CEB8-8B4A-11D0-8D11-00A0C91BC942}") = "cropMRCFromPDB", "cropMRCFromPDB\cropMRCFromPDB.vcxproj", "{F66FB0AB-958A-4BBE-B59E-A5C058DC720A}"
EndProject
Project("{8BC9CEB8-8B4A-11D0-8D11-00A0C91BC942}") = "applyConvolution", "ApplyConvolution\ApplyConvolution.vcxproj", "{5A7DE24A-2C71-4905-A9A9-9989C289F57C}"
EndProject
Project("{8BC9CEB8-8B4A-11D0-8D11-00A0C91BC942}") = "dataMetric", "dataMetric\dataMetric.vcxproj", "{702D65A9-04CA-4D4D-ADAE-BC108F7937A9}"
EndProject
Project("{2150E333-8FDC-42A3-9474-1A3956D46DE8}") = "Utility", "Utility", "{47B3D400-E049-47E2-B202-927666961604}"
EndProject
Project("{8BC9CEB8-8B4A-11D0-8D11-00A0C91BC942}") = "runProgOnPair", "runProgOnPair\runProgOnPair.vcxproj", "{62A07481-ACA6-43A3-B8E6-C0EFC21D80EC}"
EndProject
Project("{8BC9CEB8-8B4A-11D0-8D11-00A0C91BC942}") = "axisQualityMetric", "axisQualityMetric\axisQualityMetric.vcxproj", "{90E97570-F693-4219-AA00-3DACE69B9A11}"
EndProject
Project("{8BC9CEB8-8B4A-11D0-8D11-00A0C91BC942}") = "iterativeFit", "iterativeFit\iterativeFit.vcxproj", "{8D0655E0-65DA-47C7-B678-DE950F5D0C62}"
EndProject
Global
	GlobalSection(SolutionConfigurationPlatforms) = preSolution
		Debug|Win32 = Debug|Win32
		Debug|x64 = Debug|x64
		Release|Win32 = Release|Win32
		Release|x64 = Release|x64
	EndGlobalSection
	GlobalSection(ProjectConfigurationPlatforms) = postSolution
		{47DE671E-63C8-4D0B-AF38-4D680D4D54EF}.Debug|Win32.ActiveCfg = Debug|Win32
		{47DE671E-63C8-4D0B-AF38-4D680D4D54EF}.Debug|Win32.Build.0 = Debug|Win32
		{47DE671E-63C8-4D0B-AF38-4D680D4D54EF}.Debug|x64.ActiveCfg = Debug|Win32
		{47DE671E-63C8-4D0B-AF38-4D680D4D54EF}.Release|Win32.ActiveCfg = Release|Win32
		{47DE671E-63C8-4D0B-AF38-4D680D4D54EF}.Release|Win32.Build.0 = Release|Win32
		{47DE671E-63C8-4D0B-AF38-4D680D4D54EF}.Release|x64.ActiveCfg = Release|Win32
		{1B8CD312-20E4-4025-9DA5-058B089F22E5}.Debug|Win32.ActiveCfg = Debug|Win32
		{1B8CD312-20E4-4025-9DA5-058B089F22E5}.Debug|Win32.Build.0 = Debug|Win32
		{1B8CD312-20E4-4025-9DA5-058B089F22E5}.Debug|x64.ActiveCfg = Debug|Win32
		{1B8CD312-20E4-4025-9DA5-058B089F22E5}.Release|Win32.ActiveCfg = Release|Win32
		{1B8CD312-20E4-4025-9DA5-058B089F22E5}.Release|Win32.Build.0 = Release|Win32
		{1B8CD312-20E4-4025-9DA5-058B089F22E5}.Release|x64.ActiveCfg = Release|Win32
		{03368E16-836A-4FE6-8C00-0E2444A5CE2E}.Debug|Win32.ActiveCfg = Debug|Win32
		{03368E16-836A-4FE6-8C00-0E2444A5CE2E}.Debug|Win32.Build.0 = Debug|Win32
		{03368E16-836A-4FE6-8C00-0E2444A5CE2E}.Debug|x64.ActiveCfg = Debug|Win32
		{03368E16-836A-4FE6-8C00-0E2444A5CE2E}.Release|Win32.ActiveCfg = Release|Win32
		{03368E16-836A-4FE6-8C00-0E2444A5CE2E}.Release|Win32.Build.0 = Release|Win32
		{03368E16-836A-4FE6-8C00-0E2444A5CE2E}.Release|x64.ActiveCfg = Release|Win32
		{F66FB0AB-958A-4BBE-B59E-A5C058DC720A}.Debug|Win32.ActiveCfg = Debug|Win32
		{F66FB0AB-958A-4BBE-B59E-A5C058DC720A}.Debug|Win32.Build.0 = Debug|Win32
		{F66FB0AB-958A-4BBE-B59E-A5C058DC720A}.Debug|x64.ActiveCfg = Debug|Win32
		{F66FB0AB-958A-4BBE-B59E-A5C058DC720A}.Release|Win32.ActiveCfg = Release|Win32
		{F66FB0AB-958A-4BBE-B59E-A5C058DC720A}.Release|Win32.Build.0 = Release|Win32
		{F66FB0AB-958A-4BBE-B59E-A5C058DC720A}.Release|x64.ActiveCfg = Release|Win32
		{5A7DE24A-2C71-4905-A9A9-9989C289F57C}.Debug|Win32.ActiveCfg = Debug|Win32
		{5A7DE24A-2C71-4905-A9A9-9989C289F57C}.Debug|Win32.Build.0 = Debug|Win32
		{5A7DE24A-2C71-4905-A9A9-9989C289F57C}.Debug|x64.ActiveCfg = Debug|x64
		{5A7DE24A-2C71-4905-A9A9-9989C289F57C}.Debug|x64.Build.0 = Debug|x64
		{5A7DE24A-2C71-4905-A9A9-9989C289F57C}.Release|Win32.ActiveCfg = Release|Win32
		{5A7DE24A-2C71-4905-A9A9-9989C289F57C}.Release|Win32.Build.0 = Release|Win32
		{5A7DE24A-2C71-4905-A9A9-9989C289F57C}.Release|x64.ActiveCfg = Release|x64
		{5A7DE24A-2C71-4905-A9A9-9989C289F57C}.Release|x64.Build.0 = Release|x64
		{702D65A9-04CA-4D4D-ADAE-BC108F7937A9}.Debug|Win32.ActiveCfg = Debug|Win32
		{702D65A9-04CA-4D4D-ADAE-BC108F7937A9}.Debug|Win32.Build.0 = Debug|Win32
		{702D65A9-04CA-4D4D-ADAE-BC108F7937A9}.Debug|x64.ActiveCfg = Debug|Win32
		{702D65A9-04CA-4D4D-ADAE-BC108F7937A9}.Release|Win32.ActiveCfg = Release|Win32
		{702D65A9-04CA-4D4D-ADAE-BC108F7937A9}.Release|Win32.Build.0 = Release|Win32
		{702D65A9-04CA-4D4D-ADAE-BC108F7937A9}.Release|x64.ActiveCfg = Release|Win32
		{62A07481-ACA6-43A3-B8E6-C0EFC21D80EC}.Debug|Win32.ActiveCfg = Debug|Win32
		{62A07481-ACA6-43A3-B8E6-C0EFC21D80EC}.Debug|Win32.Build.0 = Debug|Win32
		{62A07481-ACA6-43A3-B8E6-C0EFC21D80EC}.Debug|x64.ActiveCfg = Debug|x64
		{62A07481-ACA6-43A3-B8E6-C0EFC21D80EC}.Debug|x64.Build.0 = Debug|x64
		{62A07481-ACA6-43A3-B8E6-C0EFC21D80EC}.Release|Win32.ActiveCfg = Release|Win32
		{62A07481-ACA6-43A3-B8E6-C0EFC21D80EC}.Release|Win32.Build.0 = Release|Win32
		{62A07481-ACA6-43A3-B8E6-C0EFC21D80EC}.Release|x64.ActiveCfg = Release|x64
		{62A07481-ACA6-43A3-B8E6-C0EFC21D80EC}.Release|x64.Build.0 = Release|x64
		{90E97570-F693-4219-AA00-3DACE69B9A11}.Debug|Win32.ActiveCfg = Debug|Win32
		{90E97570-F693-4219-AA00-3DACE69B9A11}.Debug|Win32.Build.0 = Debug|Win32
		{90E97570-F693-4219-AA00-3DACE69B9A11}.Debug|x64.ActiveCfg = Debug|x64
		{90E97570-F693-4219-AA00-3DACE69B9A11}.Debug|x64.Build.0 = Debug|x64
		{90E97570-F693-4219-AA00-3DACE69B9A11}.Release|Win32.ActiveCfg = Release|Win32
		{90E97570-F693-4219-AA00-3DACE69B9A11}.Release|Win32.Build.0 = Release|Win32
		{90E97570-F693-4219-AA00-3DACE69B9A11}.Release|x64.ActiveCfg = Release|x64
		{90E97570-F693-4219-AA00-3DACE69B9A11}.Release|x64.Build.0 = Release|x64
		{8D0655E0-65DA-47C7-B678-DE950F5D0C62}.Debug|Win32.ActiveCfg = Debug|Win32
		{8D0655E0-65DA-47C7-B678-DE950F5D0C62}.Debug|Win32.Build.0 = Debug|Win32
		{8D0655E0-65DA-47C7-B678-DE950F5D0C62}.Debug|x64.ActiveCfg = Debug|x64
		{8D0655E0-65DA-47C7-B678-DE950F5D0C62}.Debug|x64.Build.0 = Debug|x64
		{8D0655E0-65DA-47C7-B678-DE950F5D0C62}.Release|Win32.ActiveCfg = Release|Win32
		{8D0655E0-65DA-47C7-B678-DE950F5D0C62}.Release|Win32.Build.0 = Release|Win32
		{8D0655E0-65DA-47C7-B678-DE950F5D0C62}.Release|x64.ActiveCfg = Release|x64
		{8D0655E0-65DA-47C7-B678-DE950F5D0C62}.Release|x64.Build.0 = Release|x64
	EndGlobalSection
	GlobalSection(SolutionProperties) = preSolution
		HideSolutionNode = FALSE
	EndGlobalSection
	GlobalSection(NestedProjects) = preSolution
		{62A07481-ACA6-43A3-B8E6-C0EFC21D80EC} = {47B3D400-E049-47E2-B202-927666961604}
	EndGlobalSection
	GlobalSection(ExtensibilityGlobals) = postSolution
		SolutionGuid = {9EDA47A9-964C-4A97-A329-F4C70FE3F9A6}
	EndGlobalSection
EndGlobal
